
Microsoft Visual Studio Solution File, Format Version 12.00
# Visual Studio Version 16
VisualStudioVersion = 16.0.30804.86
MinimumVisualStudioVersion = 10.0.40219.1
Project("{FAE04EC0-301F-11D3-BF4B-00C04F79EFBC}") = "Passenger Management App", "Passenger Management App\Passenger Management App.csproj", "{833D884B-FF8A-4B6B-8036-43F31614EB0E}"
EndProject
Project("{FAE04EC0-301F-11D3-BF4B-00C04F79EFBC}") = "xUnitTestProject", "xUnitTestProject\xUnitTestProject.csproj", "{3B7475A5-1577-4E2B-B168-E65E5DDFAE5D}"
EndProject
Global
	GlobalSection(SolutionConfigurationPlatforms) = preSolution
		Debug|Any CPU = Debug|Any CPU
		Release|Any CPU = Release|Any CPU
	EndGlobalSection
	GlobalSection(ProjectConfigurationPlatforms) = postSolution
		{833D884B-FF8A-4B6B-8036-43F31614EB0E}.Debug|Any CPU.ActiveCfg = Debug|Any CPU
		{833D884B-FF8A-4B6B-8036-43F31614EB0E}.Debug|Any CPU.Build.0 = Debug|Any CPU
		{833D884B-FF8A-4B6B-8036-43F31614EB0E}.Release|Any CPU.ActiveCfg = Release|Any CPU
		{833D884B-FF8A-4B6B-8036-43F31614EB0E}.Release|Any CPU.Build.0 = Release|Any CPU
		{3B7475A5-1577-4E2B-B168-E65E5DDFAE5D}.Debug|Any CPU.ActiveCfg = Debug|Any CPU
		{3B7475A5-1577-4E2B-B168-E65E5DDFAE5D}.Debug|Any CPU.Build.0 = Debug|Any CPU
		{3B7475A5-1577-4E2B-B168-E65E5DDFAE5D}.Release|Any CPU.ActiveCfg = Release|Any CPU
		{3B7475A5-1577-4E2B-B168-E65E5DDFAE5D}.Release|Any CPU.Build.0 = Release|Any CPU
	EndGlobalSection
	GlobalSection(SolutionProperties) = preSolution
		HideSolutionNode = FALSE
	EndGlobalSection
	GlobalSection(ExtensibilityGlobals) = postSolution
		SolutionGuid = {3B4C9F96-E273-48F5-91C4-9089947BCBE1}
	EndGlobalSection
EndGlobal
