
Microsoft Visual Studio Solution File, Format Version 12.00
# Visual Studio 15
VisualStudioVersion = 15.0.28307.1433
MinimumVisualStudioVersion = 10.0.40219.1
Project("{FAE04EC0-301F-11D3-BF4B-00C04F79EFBC}") = "StringManipulations", "StringManipulations\StringManipulations.csproj", "{A65B4D67-939A-4AF5-B1EC-9229CA8C1C5D}"
EndProject
Project("{FAE04EC0-301F-11D3-BF4B-00C04F79EFBC}") = "StringManipulationsTest", "StringManipulationsTest\StringManipulationsTest.csproj", "{F21B14A1-558C-427D-9CC0-5B5D787D1917}"
EndProject
Global
	GlobalSection(SolutionConfigurationPlatforms) = preSolution
		Debug|Any CPU = Debug|Any CPU
		Release|Any CPU = Release|Any CPU
	EndGlobalSection
	GlobalSection(ProjectConfigurationPlatforms) = postSolution
		{A65B4D67-939A-4AF5-B1EC-9229CA8C1C5D}.Debug|Any CPU.ActiveCfg = Debug|Any CPU
		{A65B4D67-939A-4AF5-B1EC-9229CA8C1C5D}.Debug|Any CPU.Build.0 = Debug|Any CPU
		{A65B4D67-939A-4AF5-B1EC-9229CA8C1C5D}.Release|Any CPU.ActiveCfg = Release|Any CPU
		{A65B4D67-939A-4AF5-B1EC-9229CA8C1C5D}.Release|Any CPU.Build.0 = Release|Any CPU
		{F21B14A1-558C-427D-9CC0-5B5D787D1917}.Debug|Any CPU.ActiveCfg = Debug|Any CPU
		{F21B14A1-558C-427D-9CC0-5B5D787D1917}.Debug|Any CPU.Build.0 = Debug|Any CPU
		{F21B14A1-558C-427D-9CC0-5B5D787D1917}.Release|Any CPU.ActiveCfg = Release|Any CPU
		{F21B14A1-558C-427D-9CC0-5B5D787D1917}.Release|Any CPU.Build.0 = Release|Any CPU
	EndGlobalSection
	GlobalSection(SolutionProperties) = preSolution
		HideSolutionNode = FALSE
	EndGlobalSection
	GlobalSection(ExtensibilityGlobals) = postSolution
		SolutionGuid = {2E0E2322-509D-4F3C-A2E1-6BF4F1452F56}
	EndGlobalSection
EndGlobal
