
Microsoft Visual Studio Solution File, Format Version 12.00
# Visual Studio Version 16
VisualStudioVersion = 16.0.30804.86
MinimumVisualStudioVersion = 10.0.40219.1
Project("{FAE04EC0-301F-11D3-BF4B-00C04F79EFBC}") = "String Operations App", "String Operations App\String Operations App.csproj", "{D76EA07A-4F1E-4463-B9C4-8186BCC6FF12}"
EndProject
Project("{FAE04EC0-301F-11D3-BF4B-00C04F79EFBC}") = "xUnitTestProject", "xUnitTestProject\xUnitTestProject.csproj", "{B6C63750-3611-4E50-B7D5-B9A8C588AEBF}"
EndProject
Global
	GlobalSection(SolutionConfigurationPlatforms) = preSolution
		Debug|Any CPU = Debug|Any CPU
		Release|Any CPU = Release|Any CPU
	EndGlobalSection
	GlobalSection(ProjectConfigurationPlatforms) = postSolution
		{D76EA07A-4F1E-4463-B9C4-8186BCC6FF12}.Debug|Any CPU.ActiveCfg = Debug|Any CPU
		{D76EA07A-4F1E-4463-B9C4-8186BCC6FF12}.Debug|Any CPU.Build.0 = Debug|Any CPU
		{D76EA07A-4F1E-4463-B9C4-8186BCC6FF12}.Release|Any CPU.ActiveCfg = Release|Any CPU
		{D76EA07A-4F1E-4463-B9C4-8186BCC6FF12}.Release|Any CPU.Build.0 = Release|Any CPU
		{B6C63750-3611-4E50-B7D5-B9A8C588AEBF}.Debug|Any CPU.ActiveCfg = Debug|Any CPU
		{B6C63750-3611-4E50-B7D5-B9A8C588AEBF}.Debug|Any CPU.Build.0 = Debug|Any CPU
		{B6C63750-3611-4E50-B7D5-B9A8C588AEBF}.Release|Any CPU.ActiveCfg = Release|Any CPU
		{B6C63750-3611-4E50-B7D5-B9A8C588AEBF}.Release|Any CPU.Build.0 = Release|Any CPU
	EndGlobalSection
	GlobalSection(SolutionProperties) = preSolution
		HideSolutionNode = FALSE
	EndGlobalSection
	GlobalSection(ExtensibilityGlobals) = postSolution
		SolutionGuid = {2A096A0C-C825-421D-8E8D-5EB6560605C6}
	EndGlobalSection
EndGlobal
