
Microsoft Visual Studio Solution File, Format Version 12.00
# Visual Studio Version 16
VisualStudioVersion = 16.0.30804.86
MinimumVisualStudioVersion = 10.0.40219.1
Project("{FAE04EC0-301F-11D3-BF4B-00C04F79EFBC}") = "Operations", "Operations\Operations.csproj", "{1D11F9CC-3926-4282-BED8-DC4B3FED6960}"
EndProject
Project("{FAE04EC0-301F-11D3-BF4B-00C04F79EFBC}") = "Operations Testing", "Operations Testing\Operations Testing.csproj", "{CE5DD802-9ADD-4386-B48E-A84AC410A05D}"
EndProject
Global
	GlobalSection(SolutionConfigurationPlatforms) = preSolution
		Debug|Any CPU = Debug|Any CPU
		Release|Any CPU = Release|Any CPU
	EndGlobalSection
	GlobalSection(ProjectConfigurationPlatforms) = postSolution
		{1D11F9CC-3926-4282-BED8-DC4B3FED6960}.Debug|Any CPU.ActiveCfg = Debug|Any CPU
		{1D11F9CC-3926-4282-BED8-DC4B3FED6960}.Debug|Any CPU.Build.0 = Debug|Any CPU
		{1D11F9CC-3926-4282-BED8-DC4B3FED6960}.Release|Any CPU.ActiveCfg = Release|Any CPU
		{1D11F9CC-3926-4282-BED8-DC4B3FED6960}.Release|Any CPU.Build.0 = Release|Any CPU
		{CE5DD802-9ADD-4386-B48E-A84AC410A05D}.Debug|Any CPU.ActiveCfg = Debug|Any CPU
		{CE5DD802-9ADD-4386-B48E-A84AC410A05D}.Debug|Any CPU.Build.0 = Debug|Any CPU
		{CE5DD802-9ADD-4386-B48E-A84AC410A05D}.Release|Any CPU.ActiveCfg = Release|Any CPU
		{CE5DD802-9ADD-4386-B48E-A84AC410A05D}.Release|Any CPU.Build.0 = Release|Any CPU
	EndGlobalSection
	GlobalSection(SolutionProperties) = preSolution
		HideSolutionNode = FALSE
	EndGlobalSection
	GlobalSection(ExtensibilityGlobals) = postSolution
		SolutionGuid = {4E2893D5-A817-43FF-9F5B-47972D36336F}
	EndGlobalSection
EndGlobal
